// !$*UTF8*$!
{
	archiveVersion = 1;
	classes = {
	};
	objectVersion = 50;
	objects = {

/* Begin PBXBuildFile section */
		3CC48F2C2314B5CB0022FE6E /* AppDelegate.swift in Sources */ = {isa = PBXBuildFile; fileRef = 3CC48F2B2314B5CB0022FE6E /* AppDelegate.swift */; };
		3CC48F312314B5CB0022FE6E /* Main.storyboard in Resources */ = {isa = PBXBuildFile; fileRef = 3CC48F2F2314B5CB0022FE6E /* Main.storyboard */; };
		3CC48F332314B5CC0022FE6E /* Assets.xcassets in Resources */ = {isa = PBXBuildFile; fileRef = 3CC48F322314B5CC0022FE6E /* Assets.xcassets */; };
		3CC48F362314B5CC0022FE6E /* LaunchScreen.storyboard in Resources */ = {isa = PBXBuildFile; fileRef = 3CC48F342314B5CC0022FE6E /* LaunchScreen.storyboard */; };
		3CC48F412314B5FD0022FE6E /* MainViewController.swift in Sources */ = {isa = PBXBuildFile; fileRef = 3CC48F402314B5FD0022FE6E /* MainViewController.swift */; };
		3CC48F432314B6150022FE6E /* Character.swift in Sources */ = {isa = PBXBuildFile; fileRef = 3CC48F422314B6150022FE6E /* Character.swift */; };
		3CC48F482314B96C0022FE6E /* CharacterTableViewCell.swift in Sources */ = {isa = PBXBuildFile; fileRef = 3CC48F472314B96C0022FE6E /* CharacterTableViewCell.swift */; };
		3CC48F4B2314B9E80022FE6E /* DetailsViewController.swift in Sources */ = {isa = PBXBuildFile; fileRef = 3CC48F492314B9E80022FE6E /* DetailsViewController.swift */; };
		3CC48F4C2314B9E80022FE6E /* DetailsViewController.xib in Resources */ = {isa = PBXBuildFile; fileRef = 3CC48F4A2314B9E80022FE6E /* DetailsViewController.xib */; };
		3CC48F4F2314BDA60022FE6E /* API.swift in Sources */ = {isa = PBXBuildFile; fileRef = 3CC48F4E2314BDA60022FE6E /* API.swift */; };
		3CC48F522314BE600022FE6E /* ConfigurationManager.swift in Sources */ = {isa = PBXBuildFile; fileRef = 3CC48F512314BE600022FE6E /* ConfigurationManager.swift */; };
		3CC48F552314BE710022FE6E /* url.plist in Resources */ = {isa = PBXBuildFile; fileRef = 3CC48F542314BE710022FE6E /* url.plist */; };
		3CC48F582314C2BC0022FE6E /* UIImage+Extensions.swift in Sources */ = {isa = PBXBuildFile; fileRef = 3CC48F572314C2BC0022FE6E /* UIImage+Extensions.swift */; };
		3CC48F5A2314C5600022FE6E /* Constants.swift in Sources */ = {isa = PBXBuildFile; fileRef = 3CC48F592314C5600022FE6E /* Constants.swift */; };
		3CC48F5C2314C6440022FE6E /* String+Extensions.swift in Sources */ = {isa = PBXBuildFile; fileRef = 3CC48F5B2314C6440022FE6E /* String+Extensions.swift */; };
		73EA0F75A815B4238224412F /* Pods_Simpsons_Character_Viewer.framework in Frameworks */ = {isa = PBXBuildFile; fileRef = 253B261C480A7567E90E4AE4 /* Pods_Simpsons_Character_Viewer.framework */; };
/* End PBXBuildFile section */

/* Begin PBXFileReference section */
		087EE01709AD1FE343535ADC /* Pods-Simpsons Character Viewer.debug.xcconfig */ = {isa = PBXFileReference; includeInIndex = 1; lastKnownFileType = text.xcconfig; name = "Pods-Simpsons Character Viewer.debug.xcconfig"; path = "Target Support Files/Pods-Simpsons Character Viewer/Pods-Simpsons Character Viewer.debug.xcconfig"; sourceTree = "<group>"; };
		253B261C480A7567E90E4AE4 /* Pods_Simpsons_Character_Viewer.framework */ = {isa = PBXFileReference; explicitFileType = wrapper.framework; includeInIndex = 0; path = Pods_Simpsons_Character_Viewer.framework; sourceTree = BUILT_PRODUCTS_DIR; };
		3CC48F282314B5CA0022FE6E /* Simpsons Character Viewer.app */ = {isa = PBXFileReference; explicitFileType = wrapper.application; includeInIndex = 0; path = "Simpsons Character Viewer.app"; sourceTree = BUILT_PRODUCTS_DIR; };
		3CC48F2B2314B5CB0022FE6E /* AppDelegate.swift */ = {isa = PBXFileReference; lastKnownFileType = sourcecode.swift; path = AppDelegate.swift; sourceTree = "<group>"; };
		3CC48F302314B5CB0022FE6E /* Base */ = {isa = PBXFileReference; lastKnownFileType = file.storyboard; name = Base; path = Base.lproj/Main.storyboard; sourceTree = "<group>"; };
		3CC48F322314B5CC0022FE6E /* Assets.xcassets */ = {isa = PBXFileReference; lastKnownFileType = folder.assetcatalog; path = Assets.xcassets; sourceTree = "<group>"; };
		3CC48F352314B5CC0022FE6E /* Base */ = {isa = PBXFileReference; lastKnownFileType = file.storyboard; name = Base; path = Base.lproj/LaunchScreen.storyboard; sourceTree = "<group>"; };
		3CC48F372314B5CC0022FE6E /* Info.plist */ = {isa = PBXFileReference; lastKnownFileType = text.plist.xml; path = Info.plist; sourceTree = "<group>"; };
		3CC48F402314B5FD0022FE6E /* MainViewController.swift */ = {isa = PBXFileReference; lastKnownFileType = sourcecode.swift; path = MainViewController.swift; sourceTree = "<group>"; };
		3CC48F422314B6150022FE6E /* Character.swift */ = {isa = PBXFileReference; lastKnownFileType = sourcecode.swift; path = Character.swift; sourceTree = "<group>"; };
		3CC48F472314B96C0022FE6E /* CharacterTableViewCell.swift */ = {isa = PBXFileReference; lastKnownFileType = sourcecode.swift; path = CharacterTableViewCell.swift; sourceTree = "<group>"; };
		3CC48F492314B9E80022FE6E /* DetailsViewController.swift */ = {isa = PBXFileReference; lastKnownFileType = sourcecode.swift; path = DetailsViewController.swift; sourceTree = "<group>"; };
		3CC48F4A2314B9E80022FE6E /* DetailsViewController.xib */ = {isa = PBXFileReference; lastKnownFileType = file.xib; path = DetailsViewController.xib; sourceTree = "<group>"; };
		3CC48F4E2314BDA60022FE6E /* API.swift */ = {isa = PBXFileReference; lastKnownFileType = sourcecode.swift; path = API.swift; sourceTree = "<group>"; };
		3CC48F512314BE600022FE6E /* ConfigurationManager.swift */ = {isa = PBXFileReference; lastKnownFileType = sourcecode.swift; path = ConfigurationManager.swift; sourceTree = "<group>"; };
		3CC48F542314BE710022FE6E /* url.plist */ = {isa = PBXFileReference; lastKnownFileType = text.plist.xml; path = url.plist; sourceTree = "<group>"; };
		3CC48F572314C2BC0022FE6E /* UIImage+Extensions.swift */ = {isa = PBXFileReference; lastKnownFileType = sourcecode.swift; path = "UIImage+Extensions.swift"; sourceTree = "<group>"; };
		3CC48F592314C5600022FE6E /* Constants.swift */ = {isa = PBXFileReference; lastKnownFileType = sourcecode.swift; path = Constants.swift; sourceTree = "<group>"; };
		3CC48F5B2314C6440022FE6E /* String+Extensions.swift */ = {isa = PBXFileReference; lastKnownFileType = sourcecode.swift; path = "String+Extensions.swift"; sourceTree = "<group>"; };
		6B28C4D751F558601BC19851 /* Pods-Simpsons Character Viewer.release.xcconfig */ = {isa = PBXFileReference; includeInIndex = 1; lastKnownFileType = text.xcconfig; name = "Pods-Simpsons Character Viewer.release.xcconfig"; path = "Target Support Files/Pods-Simpsons Character Viewer/Pods-Simpsons Character Viewer.release.xcconfig"; sourceTree = "<group>"; };
/* End PBXFileReference section */

/* Begin PBXFrameworksBuildPhase section */
		3CC48F252314B5CA0022FE6E /* Frameworks */ = {
			isa = PBXFrameworksBuildPhase;
			buildActionMask = 2147483647;
			files = (
				73EA0F75A815B4238224412F /* Pods_Simpsons_Character_Viewer.framework in Frameworks */,
			);
			runOnlyForDeploymentPostprocessing = 0;
		};
/* End PBXFrameworksBuildPhase section */

/* Begin PBXGroup section */
		3CC48F1F2314B5CA0022FE6E = {
			isa = PBXGroup;
			children = (
				3CC48F2A2314B5CA0022FE6E /* Simpsons Character Viewer */,
				3CC48F292314B5CA0022FE6E /* Products */,
				45F2B44236966C146DDC105C /* Pods */,
				B748073419DF5EEBF2EFA937 /* Frameworks */,
			);
			sourceTree = "<group>";
		};
		3CC48F292314B5CA0022FE6E /* Products */ = {
			isa = PBXGroup;
			children = (
				3CC48F282314B5CA0022FE6E /* Simpsons Character Viewer.app */,
			);
			name = Products;
			sourceTree = "<group>";
		};
		3CC48F2A2314B5CA0022FE6E /* Simpsons Character Viewer */ = {
			isa = PBXGroup;
			children = (
				3CC48F2B2314B5CB0022FE6E /* AppDelegate.swift */,
				3CC48F372314B5CC0022FE6E /* Info.plist */,
				3CC48F502314BE430022FE6E /* Configuration */,
				3CC48F4D2314BD900022FE6E /* Data */,
				3CC48F562314C2A60022FE6E /* Extension */,
				3CC48F3F2314B5E30022FE6E /* Views */,
				3CC48F3E2314B5DC0022FE6E /* ViewControllers */,
				3CC48F3D2314B5D40022FE6E /* Models */,
				3CC48F442314B61F0022FE6E /* Storyboards */,
				3CC48F322314B5CC0022FE6E /* Assets.xcassets */,
				3CC48F342314B5CC0022FE6E /* LaunchScreen.storyboard */,
			);
			path = "Simpsons Character Viewer";
			sourceTree = "<group>";
		};
		3CC48F3D2314B5D40022FE6E /* Models */ = {
			isa = PBXGroup;
			children = (
				3CC48F422314B6150022FE6E /* Character.swift */,
			);
			path = Models;
			sourceTree = "<group>";
		};
		3CC48F3E2314B5DC0022FE6E /* ViewControllers */ = {
			isa = PBXGroup;
			children = (
				3CC48F492314B9E80022FE6E /* DetailsViewController.swift */,
				3CC48F4A2314B9E80022FE6E /* DetailsViewController.xib */,
				3CC48F402314B5FD0022FE6E /* MainViewController.swift */,
			);
			path = ViewControllers;
			sourceTree = "<group>";
		};
		3CC48F3F2314B5E30022FE6E /* Views */ = {
			isa = PBXGroup;
			children = (
				3CC48F472314B96C0022FE6E /* CharacterTableViewCell.swift */,
			);
			path = Views;
			sourceTree = "<group>";
		};
		3CC48F442314B61F0022FE6E /* Storyboards */ = {
			isa = PBXGroup;
			children = (
				3CC48F2F2314B5CB0022FE6E /* Main.storyboard */,
			);
			path = Storyboards;
			sourceTree = "<group>";
		};
		3CC48F4D2314BD900022FE6E /* Data */ = {
			isa = PBXGroup;
			children = (
				3CC48F4E2314BDA60022FE6E /* API.swift */,
				3CC48F592314C5600022FE6E /* Constants.swift */,
			);
			path = Data;
			sourceTree = "<group>";
		};
		3CC48F502314BE430022FE6E /* Configuration */ = {
			isa = PBXGroup;
			children = (
				3CC48F512314BE600022FE6E /* ConfigurationManager.swift */,
				3CC48F542314BE710022FE6E /* url.plist */,
			);
			path = Configuration;
			sourceTree = "<group>";
		};
		3CC48F562314C2A60022FE6E /* Extension */ = {
			isa = PBXGroup;
			children = (
				3CC48F572314C2BC0022FE6E /* UIImage+Extensions.swift */,
				3CC48F5B2314C6440022FE6E /* String+Extensions.swift */,
			);
			path = Extension;
			sourceTree = "<group>";
		};
		45F2B44236966C146DDC105C /* Pods */ = {
			isa = PBXGroup;
			children = (
				087EE01709AD1FE343535ADC /* Pods-Simpsons Character Viewer.debug.xcconfig */,
				6B28C4D751F558601BC19851 /* Pods-Simpsons Character Viewer.release.xcconfig */,
			);
			path = Pods;
			sourceTree = "<group>";
		};
		B748073419DF5EEBF2EFA937 /* Frameworks */ = {
			isa = PBXGroup;
			children = (
				253B261C480A7567E90E4AE4 /* Pods_Simpsons_Character_Viewer.framework */,
			);
			name = Frameworks;
			sourceTree = "<group>";
		};
/* End PBXGroup section */

/* Begin PBXNativeTarget section */
		3CC48F272314B5CA0022FE6E /* Simpsons Character Viewer */ = {
			isa = PBXNativeTarget;
			buildConfigurationList = 3CC48F3A2314B5CC0022FE6E /* Build configuration list for PBXNativeTarget "Simpsons Character Viewer" */;
			buildPhases = (
				83299470D09413DDB5DC9561 /* [CP] Check Pods Manifest.lock */,
				3CC48F242314B5CA0022FE6E /* Sources */,
				3CC48F252314B5CA0022FE6E /* Frameworks */,
				3CC48F262314B5CA0022FE6E /* Resources */,
				42BD8748018C3C9D165C748C /* [CP] Embed Pods Frameworks */,
			);
			buildRules = (
			);
			dependencies = (
			);
			name = "Simpsons Character Viewer";
			productName = "Simpsons Character Viewer";
			productReference = 3CC48F282314B5CA0022FE6E /* Simpsons Character Viewer.app */;
			productType = "com.apple.product-type.application";
		};
/* End PBXNativeTarget section */

/* Begin PBXProject section */
		3CC48F202314B5CA0022FE6E /* Project object */ = {
			isa = PBXProject;
			attributes = {
				LastSwiftUpdateCheck = 1030;
				LastUpgradeCheck = 1030;
				ORGANIZATIONNAME = "Project Yato";
				TargetAttributes = {
					3CC48F272314B5CA0022FE6E = {
						CreatedOnToolsVersion = 10.3;
					};
				};
			};
			buildConfigurationList = 3CC48F232314B5CA0022FE6E /* Build configuration list for PBXProject "Simpsons Character Viewer" */;
			compatibilityVersion = "Xcode 9.3";
			developmentRegion = en;
			hasScannedForEncodings = 0;
			knownRegions = (
				en,
				Base,
			);
			mainGroup = 3CC48F1F2314B5CA0022FE6E;
			productRefGroup = 3CC48F292314B5CA0022FE6E /* Products */;
			projectDirPath = "";
			projectRoot = "";
			targets = (
				3CC48F272314B5CA0022FE6E /* Simpsons Character Viewer */,
			);
		};
/* End PBXProject section */

/* Begin PBXResourcesBuildPhase section */
		3CC48F262314B5CA0022FE6E /* Resources */ = {
			isa = PBXResourcesBuildPhase;
			buildActionMask = 2147483647;
			files = (
				3CC48F552314BE710022FE6E /* url.plist in Resources */,
				3CC48F362314B5CC0022FE6E /* LaunchScreen.storyboard in Resources */,
				3CC48F4C2314B9E80022FE6E /* DetailsViewController.xib in Resources */,
				3CC48F332314B5CC0022FE6E /* Assets.xcassets in Resources */,
				3CC48F312314B5CB0022FE6E /* Main.storyboard in Resources */,
			);
			runOnlyForDeploymentPostprocessing = 0;
		};
/* End PBXResourcesBuildPhase section */

/* Begin PBXShellScriptBuildPhase section */
		42BD8748018C3C9D165C748C /* [CP] Embed Pods Frameworks */ = {
			isa = PBXShellScriptBuildPhase;
			buildActionMask = 2147483647;
			files = (
			);
			inputFileListPaths = (
			);
			inputPaths = (
				"${PODS_ROOT}/Target Support Files/Pods-Simpsons Character Viewer/Pods-Simpsons Character Viewer-frameworks.sh",
				"${BUILT_PRODUCTS_DIR}/Alamofire/Alamofire.framework",
			);
			name = "[CP] Embed Pods Frameworks";
			outputFileListPaths = (
			);
			outputPaths = (
				"${TARGET_BUILD_DIR}/${FRAMEWORKS_FOLDER_PATH}/Alamofire.framework",
			);
			runOnlyForDeploymentPostprocessing = 0;
			shellPath = /bin/sh;
			shellScript = "\"${PODS_ROOT}/Target Support Files/Pods-Simpsons Character Viewer/Pods-Simpsons Character Viewer-frameworks.sh\"\n";
			showEnvVarsInLog = 0;
		};
		83299470D09413DDB5DC9561 /* [CP] Check Pods Manifest.lock */ = {
			isa = PBXShellScriptBuildPhase;
			buildActionMask = 2147483647;
			files = (
			);
			inputFileListPaths = (
			);
			inputPaths = (
				"${PODS_PODFILE_DIR_PATH}/Podfile.lock",
				"${PODS_ROOT}/Manifest.lock",
			);
			name = "[CP] Check Pods Manifest.lock";
			outputFileListPaths = (
			);
			outputPaths = (
				"$(DERIVED_FILE_DIR)/Pods-Simpsons Character Viewer-checkManifestLockResult.txt",
			);
			runOnlyForDeploymentPostprocessing = 0;
			shellPath = /bin/sh;
			shellScript = "diff \"${PODS_PODFILE_DIR_PATH}/Podfile.lock\" \"${PODS_ROOT}/Manifest.lock\" > /dev/null\nif [ $? != 0 ] ; then\n    # print error to STDERR\n    echo \"error: The sandbox is not in sync with the Podfile.lock. Run 'pod install' or update your CocoaPods installation.\" >&2\n    exit 1\nfi\n# This output is used by Xcode 'outputs' to avoid re-running this script phase.\necho \"SUCCESS\" > \"${SCRIPT_OUTPUT_FILE_0}\"\n";
			showEnvVarsInLog = 0;
		};
/* End PBXShellScriptBuildPhase section */

/* Begin PBXSourcesBuildPhase section */
		3CC48F242314B5CA0022FE6E /* Sources */ = {
			isa = PBXSourcesBuildPhase;
			buildActionMask = 2147483647;
			files = (
				3CC48F5C2314C6440022FE6E /* String+Extensions.swift in Sources */,
				3CC48F432314B6150022FE6E /* Character.swift in Sources */,
				3CC48F2C2314B5CB0022FE6E /* AppDelegate.swift in Sources */,
				3CC48F412314B5FD0022FE6E /* MainViewController.swift in Sources */,
				3CC48F522314BE600022FE6E /* ConfigurationManager.swift in Sources */,
				3CC48F482314B96C0022FE6E /* CharacterTableViewCell.swift in Sources */,
				3CC48F4F2314BDA60022FE6E /* API.swift in Sources */,
				3CC48F4B2314B9E80022FE6E /* DetailsViewController.swift in Sources */,
				3CC48F582314C2BC0022FE6E /* UIImage+Extensions.swift in Sources */,
				3CC48F5A2314C5600022FE6E /* Constants.swift in Sources */,
			);
			runOnlyForDeploymentPostprocessing = 0;
		};
/* End PBXSourcesBuildPhase section */

/* Begin PBXVariantGroup section */
		3CC48F2F2314B5CB0022FE6E /* Main.storyboard */ = {
			isa = PBXVariantGroup;
			children = (
				3CC48F302314B5CB0022FE6E /* Base */,
			);
			name = Main.storyboard;
			sourceTree = "<group>";
		};
		3CC48F342314B5CC0022FE6E /* LaunchScreen.storyboard */ = {
			isa = PBXVariantGroup;
			children = (
				3CC48F352314B5CC0022FE6E /* Base */,
			);
			name = LaunchScreen.storyboard;
			sourceTree = "<group>";
		};
/* End PBXVariantGroup section */

/* Begin XCBuildConfiguration section */
		3CC48F382314B5CC0022FE6E /* Debug */ = {
			isa = XCBuildConfiguration;
			buildSettings = {
				ALWAYS_SEARCH_USER_PATHS = NO;
				CLANG_ANALYZER_NONNULL = YES;
				CLANG_ANALYZER_NUMBER_OBJECT_CONVERSION = YES_AGGRESSIVE;
				CLANG_CXX_LANGUAGE_STANDARD = "gnu++14";
				CLANG_CXX_LIBRARY = "libc++";
				CLANG_ENABLE_MODULES = YES;
				CLANG_ENABLE_OBJC_ARC = YES;
				CLANG_ENABLE_OBJC_WEAK = YES;
				CLANG_WARN_BLOCK_CAPTURE_AUTORELEASING = YES;
				CLANG_WARN_BOOL_CONVERSION = YES;
				CLANG_WARN_COMMA = YES;
				CLANG_WARN_CONSTANT_CONVERSION = YES;
				CLANG_WARN_DEPRECATED_OBJC_IMPLEMENTATIONS = YES;
				CLANG_WARN_DIRECT_OBJC_ISA_USAGE = YES_ERROR;
				CLANG_WARN_DOCUMENTATION_COMMENTS = YES;
				CLANG_WARN_EMPTY_BODY = YES;
				CLANG_WARN_ENUM_CONVERSION = YES;
				CLANG_WARN_INFINITE_RECURSION = YES;
				CLANG_WARN_INT_CONVERSION = YES;
				CLANG_WARN_NON_LITERAL_NULL_CONVERSION = YES;
				CLANG_WARN_OBJC_IMPLICIT_RETAIN_SELF = YES;
				CLANG_WARN_OBJC_LITERAL_CONVERSION = YES;
				CLANG_WARN_OBJC_ROOT_CLASS = YES_ERROR;
				CLANG_WARN_RANGE_LOOP_ANALYSIS = YES;
				CLANG_WARN_STRICT_PROTOTYPES = YES;
				CLANG_WARN_SUSPICIOUS_MOVE = YES;
				CLANG_WARN_UNGUARDED_AVAILABILITY = YES_AGGRESSIVE;
				CLANG_WARN_UNREACHABLE_CODE = YES;
				CLANG_WARN__DUPLICATE_METHOD_MATCH = YES;
				CODE_SIGN_IDENTITY = "iPhone Developer";
				COPY_PHASE_STRIP = NO;
				DEBUG_INFORMATION_FORMAT = dwarf;
				ENABLE_STRICT_OBJC_MSGSEND = YES;
				ENABLE_TESTABILITY = YES;
				GCC_C_LANGUAGE_STANDARD = gnu11;
				GCC_DYNAMIC_NO_PIC = NO;
				GCC_NO_COMMON_BLOCKS = YES;
				GCC_OPTIMIZATION_LEVEL = 0;
				GCC_PREPROCESSOR_DEFINITIONS = (
					"DEBUG=1",
					"$(inherited)",
				);
				GCC_WARN_64_TO_32_BIT_CONVERSION = YES;
				GCC_WARN_ABOUT_RETURN_TYPE = YES_ERROR;
				GCC_WARN_UNDECLARED_SELECTOR = YES;
				GCC_WARN_UNINITIALIZED_AUTOS = YES_AGGRESSIVE;
				GCC_WARN_UNUSED_FUNCTION = YES;
				GCC_WARN_UNUSED_VARIABLE = YES;
				IPHONEOS_DEPLOYMENT_TARGET = 12.4;
				MTL_ENABLE_DEBUG_INFO = INCLUDE_SOURCE;
				MTL_FAST_MATH = YES;
				ONLY_ACTIVE_ARCH = YES;
				SDKROOT = iphoneos;
				SWIFT_ACTIVE_COMPILATION_CONDITIONS = DEBUG;
				SWIFT_OPTIMIZATION_LEVEL = "-Onone";
			};
			name = Debug;
		};
		3CC48F392314B5CC0022FE6E /* Release */ = {
			isa = XCBuildConfiguration;
			buildSettings = {
				ALWAYS_SEARCH_USER_PATHS = NO;
				CLANG_ANALYZER_NONNULL = YES;
				CLANG_ANALYZER_NUMBER_OBJECT_CONVERSION = YES_AGGRESSIVE;
				CLANG_CXX_LANGUAGE_STANDARD = "gnu++14";
				CLANG_CXX_LIBRARY = "libc++";
				CLANG_ENABLE_MODULES = YES;
				CLANG_ENABLE_OBJC_ARC = YES;
				CLANG_ENABLE_OBJC_WEAK = YES;
				CLANG_WARN_BLOCK_CAPTURE_AUTORELEASING = YES;
				CLANG_WARN_BOOL_CONVERSION = YES;
				CLANG_WARN_COMMA = YES;
				CLANG_WARN_CONSTANT_CONVERSION = YES;
				CLANG_WARN_DEPRECATED_OBJC_IMPLEMENTATIONS = YES;
				CLANG_WARN_DIRECT_OBJC_ISA_USAGE = YES_ERROR;
				CLANG_WARN_DOCUMENTATION_COMMENTS = YES;
				CLANG_WARN_EMPTY_BODY = YES;
				CLANG_WARN_ENUM_CONVERSION = YES;
				CLANG_WARN_INFINITE_RECURSION = YES;
				CLANG_WARN_INT_CONVERSION = YES;
				CLANG_WARN_NON_LITERAL_NULL_CONVERSION = YES;
				CLANG_WARN_OBJC_IMPLICIT_RETAIN_SELF = YES;
				CLANG_WARN_OBJC_LITERAL_CONVERSION = YES;
				CLANG_WARN_OBJC_ROOT_CLASS = YES_ERROR;
				CLANG_WARN_RANGE_LOOP_ANALYSIS = YES;
				CLANG_WARN_STRICT_PROTOTYPES = YES;
				CLANG_WARN_SUSPICIOUS_MOVE = YES;
				CLANG_WARN_UNGUARDED_AVAILABILITY = YES_AGGRESSIVE;
				CLANG_WARN_UNREACHABLE_CODE = YES;
				CLANG_WARN__DUPLICATE_METHOD_MATCH = YES;
				CODE_SIGN_IDENTITY = "iPhone Developer";
				COPY_PHASE_STRIP = NO;
				DEBUG_INFORMATION_FORMAT = "dwarf-with-dsym";
				ENABLE_NS_ASSERTIONS = NO;
				ENABLE_STRICT_OBJC_MSGSEND = YES;
				GCC_C_LANGUAGE_STANDARD = gnu11;
				GCC_NO_COMMON_BLOCKS = YES;
				GCC_WARN_64_TO_32_BIT_CONVERSION = YES;
				GCC_WARN_ABOUT_RETURN_TYPE = YES_ERROR;
				GCC_WARN_UNDECLARED_SELECTOR = YES;
				GCC_WARN_UNINITIALIZED_AUTOS = YES_AGGRESSIVE;
				GCC_WARN_UNUSED_FUNCTION = YES;
				GCC_WARN_UNUSED_VARIABLE = YES;
				IPHONEOS_DEPLOYMENT_TARGET = 12.4;
				MTL_ENABLE_DEBUG_INFO = NO;
				MTL_FAST_MATH = YES;
				SDKROOT = iphoneos;
				SWIFT_COMPILATION_MODE = wholemodule;
				SWIFT_OPTIMIZATION_LEVEL = "-O";
				VALIDATE_PRODUCT = YES;
			};
			name = Release;
		};
		3CC48F3B2314B5CC0022FE6E /* Debug */ = {
			isa = XCBuildConfiguration;
			baseConfigurationReference = 087EE01709AD1FE343535ADC /* Pods-Simpsons Character Viewer.debug.xcconfig */;
			buildSettings = {
				ASSETCATALOG_COMPILER_APPICON_NAME = AppIcon;
				CODE_SIGN_STYLE = Automatic;
				DEVELOPMENT_TEAM = 2L6V7864FH;
				INFOPLIST_FILE = "Simpsons Character Viewer/Info.plist";
				LD_RUNPATH_SEARCH_PATHS = (
					"$(inherited)",
					"@executable_path/Frameworks",
				);
				PRODUCT_BUNDLE_IDENTIFIER = "com.sample.simpsonsviewer.Simpsons-Character-Viewer";
				PRODUCT_NAME = "$(TARGET_NAME)";
				SWIFT_VERSION = 5.0;
				TARGETED_DEVICE_FAMILY = "1,2";
			};
			name = Debug;
		};
		3CC48F3C2314B5CC0022FE6E /* Release */ = {
			isa = XCBuildConfiguration;
			baseConfigurationReference = 6B28C4D751F558601BC19851 /* Pods-Simpsons Character Viewer.release.xcconfig */;
			buildSettings = {
				ASSETCATALOG_COMPILER_APPICON_NAME = AppIcon;
				CODE_SIGN_STYLE = Automatic;
				DEVELOPMENT_TEAM = 2L6V7864FH;
				INFOPLIST_FILE = "Simpsons Character Viewer/Info.plist";
				LD_RUNPATH_SEARCH_PATHS = (
					"$(inherited)",
					"@executable_path/Frameworks",
				);
				PRODUCT_BUNDLE_IDENTIFIER = "com.sample.simpsonsviewer.Simpsons-Character-Viewer";
				PRODUCT_NAME = "$(TARGET_NAME)";
				SWIFT_VERSION = 5.0;
				TARGETED_DEVICE_FAMILY = "1,2";
			};
			name = Release;
		};
/* End XCBuildConfiguration section */

/* Begin XCConfigurationList section */
		3CC48F232314B5CA0022FE6E /* Build configuration list for PBXProject "Simpsons Character Viewer" */ = {
			isa = XCConfigurationList;
			buildConfigurations = (
				3CC48F382314B5CC0022FE6E /* Debug */,
				3CC48F392314B5CC0022FE6E /* Release */,
			);
			defaultConfigurationIsVisible = 0;
			defaultConfigurationName = Release;
		};
		3CC48F3A2314B5CC0022FE6E /* Build configuration list for PBXNativeTarget "Simpsons Character Viewer" */ = {
			isa = XCConfigurationList;
			buildConfigurations = (
				3CC48F3B2314B5CC0022FE6E /* Debug */,
				3CC48F3C2314B5CC0022FE6E /* Release */,
			);
			defaultConfigurationIsVisible = 0;
			defaultConfigurationName = Release;
		};
/* End XCConfigurationList section */
	};
	rootObject = 3CC48F202314B5CA0022FE6E /* Project object */;
}
